
Microsoft Visual Studio Solution File, Format Version 12.00
# Visual Studio Version 17
VisualStudioVersion = 17.0.32014.148
MinimumVisualStudioVersion = 10.0.40219.1
Project("{9A19103F-16F7-4668-BE54-9A1E7A4F7556}") = "Blog", "Blog.csproj", "{13A8E905-C009-4FD9-94C1-58FC9DD6CBC8}"
EndProject
Global
	GlobalSection(SolutionConfigurationPlatforms) = preSolution
		Debug|Any CPU = Debug|Any CPU
		Release|Any CPU = Release|Any CPU
	EndGlobalSection
	GlobalSection(ProjectConfigurationPlatforms) = postSolution
		{13A8E905-C009-4FD9-94C1-58FC9DD6CBC8}.Debug|Any CPU.ActiveCfg = Debug|Any CPU
		{13A8E905-C009-4FD9-94C1-58FC9DD6CBC8}.Debug|Any CPU.Build.0 = Debug|Any CPU
		{13A8E905-C009-4FD9-94C1-58FC9DD6CBC8}.Release|Any CPU.ActiveCfg = Release|Any CPU
		{13A8E905-C009-4FD9-94C1-58FC9DD6CBC8}.Release|Any CPU.Build.0 = Release|Any CPU
	EndGlobalSection
	GlobalSection(SolutionProperties) = preSolution
		HideSolutionNode = FALSE
	EndGlobalSection
	GlobalSection(ExtensibilityGlobals) = postSolution
		SolutionGuid = {B9220F24-55E7-40E6-BA85-85B7C4DFBAC2}
	EndGlobalSection
EndGlobal
